{
  "nodes": {
    "cmp-buffer": {
      "flake": false,
      "locked": {
        "lastModified": 1641254550,
        "narHash": "sha256-LXNckOkSqRMFWJhBaPUm8el0SgTS2XPvg3N8CEwHLHw=",
        "owner": "hrsh7th",
        "repo": "cmp-buffer",
        "rev": "f83773e2f433a923997c5faad7ea689ec24d1785",
        "type": "github"
      },
      "original": {
        "owner": "hrsh7th",
        "repo": "cmp-buffer",
        "type": "github"
      }
    },
    "cmp-cmdline": {
      "flake": false,
      "locked": {
        "lastModified": 1638355837,
        "narHash": "sha256-BkMvtwkLnT0tnLn9F+vt3vtmAQOBVFwFC3YF7ZsE8Hs=",
        "owner": "hrsh7th",
        "repo": "cmp-cmdline",
        "rev": "29ca81a6f0f288e6311b3377d9d9684d22eac2ec",
        "type": "github"
      },
      "original": {
        "owner": "hrsh7th",
        "repo": "cmp-cmdline",
        "type": "github"
      }
    },
    "cmp-nvim-lsp": {
      "flake": false,
      "locked": {
        "lastModified": 1642242623,
        "narHash": "sha256-itlKrCBo8wMNBCknW+7INOyVmwbcwmkGLzpc2lvvqk4=",
        "owner": "hrsh7th",
        "repo": "cmp-nvim-lsp",
        "rev": "ebdfc204afb87f15ce3d3d3f5df0b8181443b5ba",
        "type": "github"
      },
      "original": {
        "owner": "hrsh7th",
        "repo": "cmp-nvim-lsp",
        "type": "github"
      }
    },
    "cmp-path": {
      "flake": false,
      "locked": {
        "lastModified": 1642430705,
        "narHash": "sha256-qKPYOW+Nid3CdFJfeU1JVb9zaDZAk2F/WQ4ddjNDRnk=",
        "owner": "hrsh7th",
        "repo": "cmp-path",
        "rev": "c5230cb439df9547294678d0f1c1465ad7989e5f",
        "type": "github"
      },
      "original": {
        "owner": "hrsh7th",
        "repo": "cmp-path",
        "type": "github"
      }
    },
    "flake-utils": {
      "locked": {
        "lastModified": 1642700792,
        "narHash": "sha256-XqHrk7hFb+zBvRg6Ghl+AZDq03ov6OshJLiSWOoX5es=",
        "owner": "numtide",
        "repo": "flake-utils",
        "rev": "846b2ae0fc4cc943637d3d1def4454213e203cba",
        "type": "github"
      },
      "original": {
        "owner": "numtide",
        "repo": "flake-utils",
        "type": "github"
      }
    },
    "fugitive": {
      "flake": false,
      "locked": {
        "lastModified": 1643076787,
        "narHash": "sha256-PDnOKsxQjaoRjH2D0c3M10Bjcqaw02EwPFDdDmgfEho=",
        "owner": "tpope",
        "repo": "vim-fugitive",
        "rev": "59529a2c3634dc1cb3956c4faaf824f5c4dd7be1",
        "type": "github"
      },
      "original": {
        "owner": "tpope",
        "repo": "vim-fugitive",
        "type": "github"
      }
    },
    "lualine-nvim": {
      "flake": false,
      "locked": {
        "lastModified": 1643042185,
        "narHash": "sha256-XNnlSVVt8HswN2PLaMhHIOQ9I9LMaPwkEqGlQ8eb5Lc=",
        "owner": "nvim-lualine",
        "repo": "lualine.nvim",
        "rev": "9208bae98fd5d1ab6145868a8c48bfee53c1a499",
        "type": "github"
      },
      "original": {
        "owner": "nvim-lualine",
        "repo": "lualine.nvim",
        "type": "github"
      }
    },
    "luasnip": {
      "flake": false,
      "locked": {
        "lastModified": 1643400059,
        "narHash": "sha256-PCp+akGP2zzHd1eQBidEbSrz8Jbib5muuYp4qLTs3iw=",
        "owner": "L3MON4D3",
        "repo": "LuaSnip",
        "rev": "35322c97b041542f95c85e87a8215892ea4137d5",
        "type": "github"
      },
      "original": {
        "owner": "L3MON4D3",
        "repo": "LuaSnip",
        "type": "github"
      }
    },
    "neovim-nightly": {
      "inputs": {
        "flake-utils": [
          "flake-utils"
        ],
        "nixpkgs": [
          "nixpkgs"
        ]
      },
      "locked": {
        "dir": "contrib",
        "lastModified": 1643591050,
        "narHash": "sha256-tymKSBi5/ITW6+/u1hKDpWPI0Qx1Ibhu/rhtcVul17c=",
        "owner": "neovim",
        "repo": "neovim",
        "rev": "2870311a37314135b73e0ee54b41da86c9540a39",
        "type": "github"
      },
      "original": {
        "dir": "contrib",
        "owner": "neovim",
        "repo": "neovim",
        "type": "github"
      }
    },
    "nerd-commenter": {
      "flake": false,
      "locked": {
        "lastModified": 1642270433,
        "narHash": "sha256-SwI3/vQhSVMJS09yKooq7TBfEmms/9fkYR/HS7AVChA=",
        "owner": "preservim",
        "repo": "nerdcommenter",
        "rev": "f9c5f0fbda3be77dce5bb4b06b49d9f11b3b6c20",
        "type": "github"
      },
      "original": {
        "owner": "preservim",
        "repo": "nerdcommenter",
        "type": "github"
      }
    },
    "nerd-tree": {
      "flake": false,
      "locked": {
        "lastModified": 1635480963,
        "narHash": "sha256-U2VcQMfxgXBAHaEOBMovIdISmomh8Ki+SFbem6iwnkI=",
        "owner": "preservim",
        "repo": "nerdtree",
        "rev": "eed488b1cd1867bd25f19f90e10440c5cc7d6424",
        "type": "github"
      },
      "original": {
        "owner": "preservim",
        "repo": "nerdtree",
        "type": "github"
      }
    },
    "nixpkgs": {
      "locked": {
        "lastModified": 1643381941,
        "narHash": "sha256-pHTwvnN4tTsEKkWlXQ8JMY423epos8wUOhthpwJjtpc=",
        "owner": "nixos",
        "repo": "nixpkgs",
        "rev": "5efc8ca954272c4376ac929f4c5ffefcc20551d5",
        "type": "github"
      },
      "original": {
        "owner": "nixos",
        "ref": "nixpkgs-unstable",
        "repo": "nixpkgs",
        "type": "github"
      }
    },
    "null-ls": {
      "flake": false,
      "locked": {
        "lastModified": 1643322091,
        "narHash": "sha256-55NdHFFmuyoU0ELNnYXvhPGH1iVhyaXkm3zgkNmwO/g=",
        "owner": "jose-elias-alvarez",
        "repo": "null-ls.nvim",
        "rev": "2ae4a5e2e2b35716c44c104ef1afa35ecb40c444",
        "type": "github"
      },
      "original": {
        "owner": "jose-elias-alvarez",
        "repo": "null-ls.nvim",
        "type": "github"
      }
    },
    "nvim-cmp": {
      "flake": false,
      "locked": {
        "lastModified": 1643095641,
        "narHash": "sha256-wF1LDVSozWZOGL9J01/rRVdx2JsTpaaKHxMufG+pxL4=",
        "owner": "hrsh7th",
        "repo": "nvim-cmp",
        "rev": "d93104244c3834fbd8f3dd01da9729920e0b5fe7",
        "type": "github"
      },
      "original": {
        "owner": "hrsh7th",
        "repo": "nvim-cmp",
        "type": "github"
      }
    },
    "nvim-lsp-ts-utils": {
      "flake": false,
      "locked": {
        "lastModified": 1643214285,
        "narHash": "sha256-5OQ3EYMnA3sR0ot2yyNYxkChCJU+Okz4cY0n7S/5Vsc=",
        "owner": "jose-elias-alvarez",
        "repo": "nvim-lsp-ts-utils",
        "rev": "64d233a8859e27139c55472248147114e0be1652",
        "type": "github"
      },
      "original": {
        "owner": "jose-elias-alvarez",
        "repo": "nvim-lsp-ts-utils",
        "type": "github"
      }
    },
    "nvim-lspconfig": {
      "flake": false,
      "locked": {
        "lastModified": 1643407102,
        "narHash": "sha256-2Z4wqycfRfgLe67rU/tYa+vGvZ3fKITRJPMg/8+W2A4=",
        "owner": "neovim",
        "repo": "nvim-lspconfig",
        "rev": "e7df7ecae0b0d2f997ea65e951ddbe98ca3e154b",
        "type": "github"
      },
      "original": {
        "owner": "neovim",
        "repo": "nvim-lspconfig",
        "type": "github"
      }
    },
    "nvim-treesitter": {
      "flake": false,
      "locked": {
        "lastModified": 1643579530,
        "narHash": "sha256-h9bAvUJFb/0XDbUvU8MhaDIDZ2mn0s9SolJSirpC7J0=",
        "owner": "nvim-treesitter",
        "repo": "nvim-treesitter",
        "rev": "efedf3510aa85f89a687dd1e29eab6f4677fa17e",
        "type": "github"
      },
      "original": {
        "owner": "nvim-treesitter",
        "repo": "nvim-treesitter",
        "type": "github"
      }
    },
    "plenary": {
      "flake": false,
      "locked": {
        "lastModified": 1643574802,
        "narHash": "sha256-XrwwSZb6Q1x02dmktp8VJNLeiA4HpXc2EedwP4Aln9Y=",
        "owner": "nvim-lua",
        "repo": "plenary.nvim",
        "rev": "3e0e3af5208d95a2d37d04a2fa246d8aace97383",
        "type": "github"
      },
      "original": {
        "owner": "nvim-lua",
        "repo": "plenary.nvim",
        "type": "github"
      }
    },
    "root": {
      "inputs": {
        "cmp-buffer": "cmp-buffer",
        "cmp-cmdline": "cmp-cmdline",
        "cmp-nvim-lsp": "cmp-nvim-lsp",
        "cmp-path": "cmp-path",
        "flake-utils": "flake-utils",
        "fugitive": "fugitive",
        "lualine-nvim": "lualine-nvim",
        "luasnip": "luasnip",
        "neovim-nightly": "neovim-nightly",
        "nerd-commenter": "nerd-commenter",
        "nerd-tree": "nerd-tree",
        "nixpkgs": "nixpkgs",
        "null-ls": "null-ls",
        "nvim-cmp": "nvim-cmp",
        "nvim-lsp-ts-utils": "nvim-lsp-ts-utils",
        "nvim-lspconfig": "nvim-lspconfig",
        "nvim-treesitter": "nvim-treesitter",
        "plenary": "plenary",
        "telescope": "telescope",
        "telescope-fzy-native": "telescope-fzy-native",
        "toggleterm": "toggleterm",
        "tokyonight-nvim": "tokyonight-nvim",
        "vim-glsl": "vim-glsl",
        "vim-nix": "vim-nix",
        "vim-rooter": "vim-rooter",
        "vim-sensible": "vim-sensible",
        "vim-surround": "vim-surround"
      }
    },
    "telescope": {
      "flake": false,
      "locked": {
        "lastModified": 1643384202,
        "narHash": "sha256-lDyeYKQBTEwYcot7/zO1vUGSg9dGAmkBZPUQL2Sf8YQ=",
        "owner": "nvim-telescope",
        "repo": "telescope.nvim",
        "rev": "3a3c9a3c8ba3fb14121ef5c50a87173dcb969416",
        "type": "github"
      },
      "original": {
        "owner": "nvim-telescope",
        "repo": "telescope.nvim",
        "type": "github"
      }
    },
    "telescope-fzy-native": {
      "flake": false,
      "locked": {
        "lastModified": 1617877633,
        "narHash": "sha256-ntSc/Z2KGwAPwBSgQ2m+Q9HgpGUwGbd+4fA/dtzOXY4=",
        "owner": "nvim-telescope",
        "repo": "telescope-fzy-native.nvim",
        "rev": "7b3d2528102f858036627a68821ccf5fc1d78ce4",
        "type": "github"
      },
      "original": {
        "owner": "nvim-telescope",
        "repo": "telescope-fzy-native.nvim",
        "type": "github"
      }
    },
    "toggleterm": {
      "flake": false,
      "locked": {
        "lastModified": 1643234001,
        "narHash": "sha256-0/SrUWHaOJ/lgPtnJuGlVq9K8/1uEQLEqGQjpzPqVUY=",
        "owner": "akinsho",
        "repo": "toggleterm.nvim",
        "rev": "d2ceb2ca3268d09db3033b133c0ee4642e07f059",
        "type": "github"
      },
      "original": {
        "owner": "akinsho",
        "repo": "toggleterm.nvim",
        "type": "github"
      }
    },
    "tokyonight-nvim": {
      "flake": false,
      "locked": {
        "lastModified": 1640940199,
        "narHash": "sha256-EUiuGaX//mqv8v+UWfOQwxvV6UaQq1ZjdlqOpQAE7+c=",
        "owner": "folke",
        "repo": "tokyonight.nvim",
        "rev": "8223c970677e4d88c9b6b6d81bda23daf11062bb",
        "type": "github"
      },
      "original": {
        "owner": "folke",
        "repo": "tokyonight.nvim",
        "type": "github"
      }
    },
    "vim-glsl": {
      "flake": false,
      "locked": {
        "lastModified": 1636835714,
        "narHash": "sha256-P5u2kg3ugQWDE/LFa/ZyOPPwLgnKE9xnTlkfR1+1oDY=",
        "owner": "tikhomirov",
        "repo": "vim-glsl",
        "rev": "25f9a7dfca64787313fb4339866ff941b8974d61",
        "type": "github"
      },
      "original": {
        "owner": "tikhomirov",
        "repo": "vim-glsl",
        "type": "github"
      }
    },
    "vim-nix": {
      "flake": false,
      "locked": {
        "lastModified": 1622231877,
        "narHash": "sha256-wQzNXfE7JFalgiCQ2ksPAUyFKacmJV7mNKmKDe9jySI=",
        "owner": "LnL7",
        "repo": "vim-nix",
        "rev": "63b47b39c8d481ebca3092822ca8972e08df769b",
        "type": "github"
      },
      "original": {
        "owner": "LnL7",
        "repo": "vim-nix",
        "type": "github"
      }
    },
    "vim-rooter": {
      "flake": false,
      "locked": {
        "lastModified": 1627488712,
        "narHash": "sha256-8VYGZDZbT7r/vRtMKqDlI2jD498QxwHmEliYmbmc6uw=",
        "owner": "airblade",
        "repo": "vim-rooter",
        "rev": "0415be8b5989e56f6c9e382a04906b7f719cfb38",
        "type": "github"
      },
      "original": {
        "owner": "airblade",
        "repo": "vim-rooter",
        "type": "github"
      }
    },
    "vim-sensible": {
      "flake": false,
      "locked": {
        "lastModified": 1574628322,
        "narHash": "sha256-1/1kgtx0iJehF+ympl0R/p2t91654aG2ISBmQuAccZQ=",
        "owner": "tpope",
        "repo": "vim-sensible",
        "rev": "2d9f34c09f548ed4df213389caa2882bfe56db58",
        "type": "github"
      },
      "original": {
        "owner": "tpope",
        "repo": "vim-sensible",
        "type": "github"
      }
    },
    "vim-surround": {
      "flake": false,
      "locked": {
        "lastModified": 1643508337,
        "narHash": "sha256-KLZztzV/3zh52MZ9YG0F/wQnke4EorXOB1YJ/sUL908=",
        "owner": "tpope",
        "repo": "vim-surround",
        "rev": "baf89ad26488f6a7665d51b986f5c7ad2d22b30b",
        "type": "github"
      },
      "original": {
        "owner": "tpope",
        "repo": "vim-surround",
        "type": "github"
      }
    }
  },
  "root": "root",
  "version": 7
}
