{
  "nodes": {
    "cmp-buffer": {
      "flake": false,
      "locked": {
        "lastModified": 1660101488,
        "narHash": "sha256-dG4U7MtnXThoa/PD+qFtCt76MQ14V1wX8GMYcvxEnbM=",
        "owner": "hrsh7th",
        "repo": "cmp-buffer",
        "rev": "3022dbc9166796b644a841a02de8dd1cc1d311fa",
        "type": "github"
      },
      "original": {
        "owner": "hrsh7th",
        "repo": "cmp-buffer",
        "type": "github"
      }
    },
    "cmp-cmdline": {
      "flake": false,
      "locked": {
        "lastModified": 1663329933,
        "narHash": "sha256-IvMI9wHN1llFLpgMGwm6yr60UJ6gaWBnZaxNHXCDOwI=",
        "owner": "hrsh7th",
        "repo": "cmp-cmdline",
        "rev": "c66c379915d68fb52ad5ad1195cdd4265a95ef1e",
        "type": "github"
      },
      "original": {
        "owner": "hrsh7th",
        "repo": "cmp-cmdline",
        "type": "github"
      }
    },
    "cmp-nvim-lsp": {
      "flake": false,
      "locked": {
        "lastModified": 1652705110,
        "narHash": "sha256-19Ka4EQhqo//IMjJ/DnXiHsevVWFy2M90oSjmBFfCO0=",
        "owner": "hrsh7th",
        "repo": "cmp-nvim-lsp",
        "rev": "affe808a5c56b71630f17aa7c38e15c59fd648a8",
        "type": "github"
      },
      "original": {
        "owner": "hrsh7th",
        "repo": "cmp-nvim-lsp",
        "type": "github"
      }
    },
    "cmp-path": {
      "flake": false,
      "locked": {
        "lastModified": 1658844613,
        "narHash": "sha256-G/I2SH4Uidr25/4fjrtcK3VfxWwD9MSN+ODcB6zjvVo=",
        "owner": "hrsh7th",
        "repo": "cmp-path",
        "rev": "447c87cdd6e6d6a1d2488b1d43108bfa217f56e1",
        "type": "github"
      },
      "original": {
        "owner": "hrsh7th",
        "repo": "cmp-path",
        "type": "github"
      }
    },
    "flake-utils": {
      "locked": {
        "lastModified": 1659877975,
        "narHash": "sha256-zllb8aq3YO3h8B/U0/J1WBgAL8EX5yWf5pMj3G0NAmc=",
        "owner": "numtide",
        "repo": "flake-utils",
        "rev": "c0e246b9b83f637f4681389ecabcb2681b4f3af0",
        "type": "github"
      },
      "original": {
        "owner": "numtide",
        "repo": "flake-utils",
        "type": "github"
      }
    },
    "formatter-nvim": {
      "flake": false,
      "locked": {
        "lastModified": 1664314779,
        "narHash": "sha256-6j6vXiaT9itH1smJuEc5SVAcddtD73aVjZFdoF3gpXQ=",
        "owner": "mhartington",
        "repo": "formatter.nvim",
        "rev": "88aa63ba216708611b472d8737b96af71c2f3785",
        "type": "github"
      },
      "original": {
        "owner": "mhartington",
        "repo": "formatter.nvim",
        "type": "github"
      }
    },
    "fugitive": {
      "flake": false,
      "locked": {
        "lastModified": 1662284293,
        "narHash": "sha256-IzsvDf7y91iV3XdrXW2U5WTdSmuALlpVO113h7Ovuac=",
        "owner": "tpope",
        "repo": "vim-fugitive",
        "rev": "dd8107cabf5fe85df94d5eedcae52415e543f208",
        "type": "github"
      },
      "original": {
        "owner": "tpope",
        "repo": "vim-fugitive",
        "type": "github"
      }
    },
    "gitsigns": {
      "flake": false,
      "locked": {
        "lastModified": 1663543397,
        "narHash": "sha256-FgNSwvW7Bk+eKutMj0zqEorJ3+ijCALtOXs2OYiSX1I=",
        "owner": "lewis6991",
        "repo": "gitsigns.nvim",
        "rev": "f98c85e7c3d65a51f45863a34feb4849c82f240f",
        "type": "github"
      },
      "original": {
        "owner": "lewis6991",
        "repo": "gitsigns.nvim",
        "type": "github"
      }
    },
    "gruvbox-nvim": {
      "flake": false,
      "locked": {
        "lastModified": 1664572306,
        "narHash": "sha256-Mb56jXaiR2AwCrZ899oJ781ONzHpc0/VaFdHcNxGwCo=",
        "owner": "ellisonleao",
        "repo": "gruvbox.nvim",
        "rev": "24f9e795bfac5fabbaba703116e747dcf2ad8d2f",
        "type": "github"
      },
      "original": {
        "owner": "ellisonleao",
        "repo": "gruvbox.nvim",
        "type": "github"
      }
    },
    "haskell-vim": {
      "flake": false,
      "locked": {
        "lastModified": 1611065650,
        "narHash": "sha256-4FvqwxaMu3Mznrmt4U5NZlmUAdUIiLpr9fW+kjdwcOA=",
        "owner": "neovimhaskell",
        "repo": "haskell-vim",
        "rev": "f35d02204b4813d1dbe8b0e98cc39701a4b8e15e",
        "type": "github"
      },
      "original": {
        "owner": "neovimhaskell",
        "repo": "haskell-vim",
        "type": "github"
      }
    },
    "lualine-nvim": {
      "flake": false,
      "locked": {
        "lastModified": 1662921346,
        "narHash": "sha256-bGVozEoffFxjiLACTfnDGX11yIHGhLawQWn80Nbd6TM=",
        "owner": "nvim-lualine",
        "repo": "lualine.nvim",
        "rev": "a52f078026b27694d2290e34efa61a6e4a690621",
        "type": "github"
      },
      "original": {
        "owner": "nvim-lualine",
        "repo": "lualine.nvim",
        "type": "github"
      }
    },
    "luasnip": {
      "flake": false,
      "locked": {
        "lastModified": 1664388581,
        "narHash": "sha256-Z0OTrcZWWTHvjRcedtQuhPrEZoqeRuf5HsWVw2+c/8E=",
        "owner": "L3MON4D3",
        "repo": "LuaSnip",
        "rev": "8f8d493e7836f2697df878ef9c128337cbf2bb84",
        "type": "github"
      },
      "original": {
        "owner": "L3MON4D3",
        "repo": "LuaSnip",
        "type": "github"
      }
    },
    "nerd-commenter": {
      "flake": false,
      "locked": {
        "lastModified": 1662963328,
        "narHash": "sha256-R59zKD0JNwCw5fDJjnH1raicGwoSjbRCuFiRp/aEc+E=",
        "owner": "preservim",
        "repo": "nerdcommenter",
        "rev": "2a0a05ff983aa62d74ba868aadf89deb93dd5454",
        "type": "github"
      },
      "original": {
        "owner": "preservim",
        "repo": "nerdcommenter",
        "type": "github"
      }
    },
    "nightfox-nvim": {
      "flake": false,
      "locked": {
        "lastModified": 1664286998,
        "narHash": "sha256-IibVBsNTklQmIINrB5HYeyQ168HBROizQ6ybUzp+fLY=",
        "owner": "EdenEast",
        "repo": "nightfox.nvim",
        "rev": "59c3dbcec362eff7794f1cb576d56fd8a3f2c8bb",
        "type": "github"
      },
      "original": {
        "owner": "EdenEast",
        "repo": "nightfox.nvim",
        "type": "github"
      }
    },
    "nixpkgs": {
      "locked": {
        "lastModified": 1664556388,
        "narHash": "sha256-04xEtpc0AqLhgDtJ/kT+aZGPrXOI+1a3obf6iWrJQXs=",
        "owner": "nixos",
        "repo": "nixpkgs",
        "rev": "511213e0ece88be30a4bd73488f7d1cd85879654",
        "type": "github"
      },
      "original": {
        "owner": "nixos",
        "ref": "nixpkgs-unstable",
        "repo": "nixpkgs",
        "type": "github"
      }
    },
    "null-ls": {
      "flake": false,
      "locked": {
        "lastModified": 1664583344,
        "narHash": "sha256-sJd0Nv+XNLO69Lq6ZWdvBcqKE8hkgQkDZvxPWei6fbc=",
        "owner": "jose-elias-alvarez",
        "repo": "null-ls.nvim",
        "rev": "c0c19f32b614b3921e17886c541c13a72748d450",
        "type": "github"
      },
      "original": {
        "owner": "jose-elias-alvarez",
        "repo": "null-ls.nvim",
        "type": "github"
      }
    },
    "nvim-cmp": {
      "flake": false,
      "locked": {
        "lastModified": 1664249251,
        "narHash": "sha256-3YpEu/VlWO4yVf+tNqz0YbJZjOrbzWIxvUe3JliZepI=",
        "owner": "hrsh7th",
        "repo": "nvim-cmp",
        "rev": "2427d06b6508489547cd30b6e86b1c75df363411",
        "type": "github"
      },
      "original": {
        "owner": "hrsh7th",
        "repo": "nvim-cmp",
        "type": "github"
      }
    },
    "nvim-lsp-ts-utils": {
      "flake": false,
      "locked": {
        "lastModified": 1658021832,
        "narHash": "sha256-38YOgLDtku2BPCaNEmX0555x1QmHuuDSCZL274bBhcg=",
        "owner": "jose-elias-alvarez",
        "repo": "nvim-lsp-ts-utils",
        "rev": "0a6a16ef292c9b61eac6dad00d52666c7f84b0e7",
        "type": "github"
      },
      "original": {
        "owner": "jose-elias-alvarez",
        "repo": "nvim-lsp-ts-utils",
        "type": "github"
      }
    },
    "nvim-lspconfig": {
      "flake": false,
      "locked": {
        "lastModified": 1664536349,
        "narHash": "sha256-zlUgQlQ8hi6HzrkiR3rEzTc1TwW5Geo1ViqoDBLgtmg=",
        "owner": "neovim",
        "repo": "nvim-lspconfig",
        "rev": "af43c300d4134db3550089cd4df6c257e3734689",
        "type": "github"
      },
      "original": {
        "owner": "neovim",
        "repo": "nvim-lspconfig",
        "type": "github"
      }
    },
    "nvim-tree": {
      "flake": false,
      "locked": {
        "lastModified": 1664621482,
        "narHash": "sha256-qcvhosFNyGwW+QQOj8HMySWVKaAMbfie0DY0mCmlCvU=",
        "owner": "kyazdani42",
        "repo": "nvim-tree.lua",
        "rev": "7282f7de8aedf861fe0162a559fc2b214383c51c",
        "type": "github"
      },
      "original": {
        "owner": "kyazdani42",
        "repo": "nvim-tree.lua",
        "type": "github"
      }
    },
    "nvim-treesitter": {
      "flake": false,
      "locked": {
        "lastModified": 1664538540,
        "narHash": "sha256-jIPisyE3RF+5KsF7KW5RAcvRAKKOkOLSOCEpvxZ1cis=",
        "owner": "nvim-treesitter",
        "repo": "nvim-treesitter",
        "rev": "aebc6cf6bd4675ac86629f516d612ad5288f7868",
        "type": "github"
      },
      "original": {
        "owner": "nvim-treesitter",
        "repo": "nvim-treesitter",
        "type": "github"
      }
    },
    "plenary": {
      "flake": false,
      "locked": {
        "lastModified": 1664607953,
        "narHash": "sha256-lIdBrVpi+vUudeotjFAuw4C0VT8TPoFE9cVVAQEsAYU=",
        "owner": "nvim-lua",
        "repo": "plenary.nvim",
        "rev": "4b7e52044bbb84242158d977a50c4cbcd85070c7",
        "type": "github"
      },
      "original": {
        "owner": "nvim-lua",
        "repo": "plenary.nvim",
        "type": "github"
      }
    },
    "root": {
      "inputs": {
        "cmp-buffer": "cmp-buffer",
        "cmp-cmdline": "cmp-cmdline",
        "cmp-nvim-lsp": "cmp-nvim-lsp",
        "cmp-path": "cmp-path",
        "flake-utils": "flake-utils",
        "formatter-nvim": "formatter-nvim",
        "fugitive": "fugitive",
        "gitsigns": "gitsigns",
        "gruvbox-nvim": "gruvbox-nvim",
        "haskell-vim": "haskell-vim",
        "lualine-nvim": "lualine-nvim",
        "luasnip": "luasnip",
        "nerd-commenter": "nerd-commenter",
        "nightfox-nvim": "nightfox-nvim",
        "nixpkgs": "nixpkgs",
        "null-ls": "null-ls",
        "nvim-cmp": "nvim-cmp",
        "nvim-lsp-ts-utils": "nvim-lsp-ts-utils",
        "nvim-lspconfig": "nvim-lspconfig",
        "nvim-tree": "nvim-tree",
        "nvim-treesitter": "nvim-treesitter",
        "plenary": "plenary",
        "telescope": "telescope",
        "telescope-fzy-native": "telescope-fzy-native",
        "tokyonight-nvim": "tokyonight-nvim",
        "vim-glsl": "vim-glsl",
        "vim-nix": "vim-nix",
        "vim-python-virtualenv": "vim-python-virtualenv",
        "vim-rooter": "vim-rooter",
        "vim-rzip": "vim-rzip",
        "vim-sensible": "vim-sensible",
        "vim-surround": "vim-surround"
      }
    },
    "telescope": {
      "flake": false,
      "locked": {
        "lastModified": 1664558965,
        "narHash": "sha256-Dea+65ZTvItjr/sP7uARYdmIvl9s/Gxns1XIX7sMvTg=",
        "owner": "nvim-telescope",
        "repo": "telescope.nvim",
        "rev": "76ea9a898d3307244dce3573392dcf2cc38f340f",
        "type": "github"
      },
      "original": {
        "owner": "nvim-telescope",
        "repo": "telescope.nvim",
        "type": "github"
      }
    },
    "telescope-fzy-native": {
      "flake": false,
      "locked": {
        "lastModified": 1662879374,
        "narHash": "sha256-ntSc/Z2KGwAPwBSgQ2m+Q9HgpGUwGbd+4fA/dtzOXY4=",
        "owner": "nvim-telescope",
        "repo": "telescope-fzy-native.nvim",
        "rev": "282f069504515eec762ab6d6c89903377252bf5b",
        "type": "github"
      },
      "original": {
        "owner": "nvim-telescope",
        "repo": "telescope-fzy-native.nvim",
        "type": "github"
      }
    },
    "tokyonight-nvim": {
      "flake": false,
      "locked": {
        "lastModified": 1664525442,
        "narHash": "sha256-s3wfvuFA+jSMtTAQS4QRxMZ/wFTScdNfzVmXrSBozZs=",
        "owner": "folke",
        "repo": "tokyonight.nvim",
        "rev": "4092905fc570a721128af73f6bf78e5d47f5edce",
        "type": "github"
      },
      "original": {
        "owner": "folke",
        "repo": "tokyonight.nvim",
        "type": "github"
      }
    },
    "vim-glsl": {
      "flake": false,
      "locked": {
        "lastModified": 1652211403,
        "narHash": "sha256-dpdvjEtDnD72Sn+9wGrsKa0X8HcMsY1j5eAXWEt6F1s=",
        "owner": "tikhomirov",
        "repo": "vim-glsl",
        "rev": "bfd330a271933c3372fcfa8ce052970746c8e9dd",
        "type": "github"
      },
      "original": {
        "owner": "tikhomirov",
        "repo": "vim-glsl",
        "type": "github"
      }
    },
    "vim-nix": {
      "flake": false,
      "locked": {
        "lastModified": 1650919516,
        "narHash": "sha256-W6ExP+iDNo5T8XazxHRpUiECGv+AU5PPoM4CmU7NV+0=",
        "owner": "LnL7",
        "repo": "vim-nix",
        "rev": "7d23e97d13c40fcc6d603b291fe9b6e5f92516ee",
        "type": "github"
      },
      "original": {
        "owner": "LnL7",
        "repo": "vim-nix",
        "type": "github"
      }
    },
    "vim-python-virtualenv": {
      "flake": false,
      "locked": {
        "lastModified": 1640412467,
        "narHash": "sha256-UGVU+m7sDSDG/U3vBH9s4VY6f9ArQfgaE4Zl5fzyi7E=",
        "owner": "sansyrox",
        "repo": "vim-python-virtualenv",
        "rev": "82730c6060be1ac3ac9bcbd3690704c1b5236329",
        "type": "github"
      },
      "original": {
        "owner": "sansyrox",
        "repo": "vim-python-virtualenv",
        "type": "github"
      }
    },
    "vim-rooter": {
      "flake": false,
      "locked": {
        "lastModified": 1627488712,
        "narHash": "sha256-8VYGZDZbT7r/vRtMKqDlI2jD498QxwHmEliYmbmc6uw=",
        "owner": "airblade",
        "repo": "vim-rooter",
        "rev": "0415be8b5989e56f6c9e382a04906b7f719cfb38",
        "type": "github"
      },
      "original": {
        "owner": "airblade",
        "repo": "vim-rooter",
        "type": "github"
      }
    },
    "vim-rzip": {
      "flake": false,
      "locked": {
        "lastModified": 1645152231,
        "narHash": "sha256-yAMRdwIdVsgqdcdZ/q6o0iieuRRE2XYz0fQH5iBlfJo=",
        "owner": "lbrayner",
        "repo": "vim-rzip",
        "rev": "78221989e77e4101954ff9ff21756259c82617a7",
        "type": "github"
      },
      "original": {
        "owner": "lbrayner",
        "repo": "vim-rzip",
        "type": "github"
      }
    },
    "vim-sensible": {
      "flake": false,
      "locked": {
        "lastModified": 1661477563,
        "narHash": "sha256-0mr5p+kyFjmZtEYON9m25fBY8Y94ha3/+cNNeOaC+5Y=",
        "owner": "tpope",
        "repo": "vim-sensible",
        "rev": "8985da7669bbd73afce85ef0e4a3e1ce2e488595",
        "type": "github"
      },
      "original": {
        "owner": "tpope",
        "repo": "vim-sensible",
        "type": "github"
      }
    },
    "vim-surround": {
      "flake": false,
      "locked": {
        "lastModified": 1650669912,
        "narHash": "sha256-ippurR26T1jqy74LDKlzJpTreOLxRThmgYTEHPtBkx8=",
        "owner": "tpope",
        "repo": "vim-surround",
        "rev": "bf3480dc9ae7bea34c78fbba4c65b4548b5b1fea",
        "type": "github"
      },
      "original": {
        "owner": "tpope",
        "repo": "vim-surround",
        "type": "github"
      }
    }
  },
  "root": "root",
  "version": 7
}
