{
  "nodes": {
    "cmp-buffer": {
      "flake": false,
      "locked": {
        "lastModified": 1645413199,
        "narHash": "sha256-itDEtoRvZn1mtLhT9WtqKVXoMRe5Qw0/QUf+TFzGNVk=",
        "owner": "hrsh7th",
        "repo": "cmp-buffer",
        "rev": "d66c4c2d376e5be99db68d2362cd94d250987525",
        "type": "github"
      },
      "original": {
        "owner": "hrsh7th",
        "repo": "cmp-buffer",
        "type": "github"
      }
    },
    "cmp-cmdline": {
      "flake": false,
      "locked": {
        "lastModified": 1644756337,
        "narHash": "sha256-8KlmtXYfapji+n6tntAGlTcHYT3CJtdZaFR8luEu7Go=",
        "owner": "hrsh7th",
        "repo": "cmp-cmdline",
        "rev": "f4beb74e8e036f9532bedbcac0b93c7a55a0f8b0",
        "type": "github"
      },
      "original": {
        "owner": "hrsh7th",
        "repo": "cmp-cmdline",
        "type": "github"
      }
    },
    "cmp-nvim-lsp": {
      "flake": false,
      "locked": {
        "lastModified": 1642242623,
        "narHash": "sha256-itlKrCBo8wMNBCknW+7INOyVmwbcwmkGLzpc2lvvqk4=",
        "owner": "hrsh7th",
        "repo": "cmp-nvim-lsp",
        "rev": "ebdfc204afb87f15ce3d3d3f5df0b8181443b5ba",
        "type": "github"
      },
      "original": {
        "owner": "hrsh7th",
        "repo": "cmp-nvim-lsp",
        "type": "github"
      }
    },
    "cmp-path": {
      "flake": false,
      "locked": {
        "lastModified": 1643823794,
        "narHash": "sha256-xYzTpqVKpBBnajqqRRzAXlHAC13VGK1D9mFr3bntepY=",
        "owner": "hrsh7th",
        "repo": "cmp-path",
        "rev": "466b6b8270f7ba89abd59f402c73f63c7331ff6e",
        "type": "github"
      },
      "original": {
        "owner": "hrsh7th",
        "repo": "cmp-path",
        "type": "github"
      }
    },
    "flake-compat": {
      "flake": false,
      "locked": {
        "lastModified": 1648199409,
        "narHash": "sha256-JwPKdC2PoVBkG6E+eWw3j6BMR6sL3COpYWfif7RVb8Y=",
        "owner": "edolstra",
        "repo": "flake-compat",
        "rev": "64a525ee38886ab9028e6f61790de0832aa3ef03",
        "type": "github"
      },
      "original": {
        "owner": "edolstra",
        "repo": "flake-compat",
        "type": "github"
      }
    },
    "flake-utils": {
      "locked": {
        "lastModified": 1649676176,
        "narHash": "sha256-OWKJratjt2RW151VUlJPRALb7OU2S5s+f0vLj4o1bHM=",
        "owner": "numtide",
        "repo": "flake-utils",
        "rev": "a4b154ebbdc88c8498a5c7b01589addc9e9cb678",
        "type": "github"
      },
      "original": {
        "owner": "numtide",
        "repo": "flake-utils",
        "type": "github"
      }
    },
    "flake-utils_2": {
      "locked": {
        "lastModified": 1644229661,
        "narHash": "sha256-1YdnJAsNy69bpcjuoKdOYQX0YxZBiCYZo4Twxerqv7k=",
        "owner": "numtide",
        "repo": "flake-utils",
        "rev": "3cecb5b042f7f209c56ffd8371b2711a290ec797",
        "type": "github"
      },
      "original": {
        "owner": "numtide",
        "repo": "flake-utils",
        "type": "github"
      }
    },
    "formatter-nvim": {
      "flake": false,
      "locked": {
        "lastModified": 1648563301,
        "narHash": "sha256-9oBmVWEl4qZVFgaQOCA6A19/RUureEX+qaj0olOklJI=",
        "owner": "mhartington",
        "repo": "formatter.nvim",
        "rev": "bec8a57d6e990a503e87eb71ae530cd2c1402e31",
        "type": "github"
      },
      "original": {
        "owner": "mhartington",
        "repo": "formatter.nvim",
        "type": "github"
      }
    },
    "fugitive": {
      "flake": false,
      "locked": {
        "lastModified": 1649917909,
        "narHash": "sha256-eJy/QMy2pJXrCOF/QQ2sZj7B5Wfl3qnIoRBgLOeAtyo=",
        "owner": "tpope",
        "repo": "vim-fugitive",
        "rev": "4b0f2b604562e9681ae3b80c2665f168ac637cea",
        "type": "github"
      },
      "original": {
        "owner": "tpope",
        "repo": "vim-fugitive",
        "type": "github"
      }
    },
    "gitsigns": {
      "flake": false,
      "locked": {
        "lastModified": 1650054200,
        "narHash": "sha256-p/zFJNQ5kvJJgt995B6SJ3LyJqwmOlu0Bjcl+djlwvw=",
        "owner": "lewis6991",
        "repo": "gitsigns.nvim",
        "rev": "9e0cc25cbe399e0d1732ae1177dd537c462a40d1",
        "type": "github"
      },
      "original": {
        "owner": "lewis6991",
        "repo": "gitsigns.nvim",
        "type": "github"
      }
    },
    "haskell-vim": {
      "flake": false,
      "locked": {
        "lastModified": 1611065650,
        "narHash": "sha256-4FvqwxaMu3Mznrmt4U5NZlmUAdUIiLpr9fW+kjdwcOA=",
        "owner": "neovimhaskell",
        "repo": "haskell-vim",
        "rev": "f35d02204b4813d1dbe8b0e98cc39701a4b8e15e",
        "type": "github"
      },
      "original": {
        "owner": "neovimhaskell",
        "repo": "haskell-vim",
        "type": "github"
      }
    },
    "lualine-nvim": {
      "flake": false,
      "locked": {
        "lastModified": 1649911319,
        "narHash": "sha256-2b4/ttQWmFwxHraZHCCZchy9/1wTsawh5URPFu9qa+U=",
        "owner": "nvim-lualine",
        "repo": "lualine.nvim",
        "rev": "63f74ac06978cead7cd0cbbb65c80bcda2eede41",
        "type": "github"
      },
      "original": {
        "owner": "nvim-lualine",
        "repo": "lualine.nvim",
        "type": "github"
      }
    },
    "luasnip": {
      "flake": false,
      "locked": {
        "lastModified": 1650006023,
        "narHash": "sha256-w73j+QzR+qriRplGP56TePaGUCAkQgBbMZjV8dGcQSE=",
        "owner": "L3MON4D3",
        "repo": "LuaSnip",
        "rev": "6b67cb12747225a6412d8263bb97d6d2b8d9366a",
        "type": "github"
      },
      "original": {
        "owner": "L3MON4D3",
        "repo": "LuaSnip",
        "type": "github"
      }
    },
    "neovim-flake": {
      "inputs": {
        "flake-utils": "flake-utils_2",
        "nixpkgs": [
          "neovim-nightly-overlay",
          "nixpkgs"
        ]
      },
      "locked": {
        "dir": "contrib",
        "lastModified": 1649884316,
        "narHash": "sha256-3Kw4IeTr4RtAJjdS6jrrfTVQrC/mTv1x4IP6iXO2CRA=",
        "owner": "neovim",
        "repo": "neovim",
        "rev": "8486c87e58beb4c88957398db1890e0836a0c75e",
        "type": "github"
      },
      "original": {
        "dir": "contrib",
        "owner": "neovim",
        "repo": "neovim",
        "type": "github"
      }
    },
    "neovim-nightly-overlay": {
      "inputs": {
        "flake-compat": "flake-compat",
        "neovim-flake": "neovim-flake",
        "nixpkgs": "nixpkgs"
      },
      "locked": {
        "lastModified": 1649924456,
        "narHash": "sha256-Psn9b0ujKGld/rY9dDOwwkcNyWFQSxlLF0XpvN9AIO4=",
        "owner": "nix-community",
        "repo": "neovim-nightly-overlay",
        "rev": "b3cde03ebb2250cfee42830bd023864927bfc723",
        "type": "github"
      },
      "original": {
        "owner": "nix-community",
        "repo": "neovim-nightly-overlay",
        "type": "github"
      }
    },
    "nerd-commenter": {
      "flake": false,
      "locked": {
        "lastModified": 1645734161,
        "narHash": "sha256-UUDbLnb+HIG+hFeGnE8xrYu/bY/YWR3BWSLwnm/vDsg=",
        "owner": "preservim",
        "repo": "nerdcommenter",
        "rev": "f8671f783baeb0739f556d9b6c440ae1767340d6",
        "type": "github"
      },
      "original": {
        "owner": "preservim",
        "repo": "nerdcommenter",
        "type": "github"
      }
    },
    "nerd-tree": {
      "flake": false,
      "locked": {
        "lastModified": 1635480963,
        "narHash": "sha256-U2VcQMfxgXBAHaEOBMovIdISmomh8Ki+SFbem6iwnkI=",
        "owner": "preservim",
        "repo": "nerdtree",
        "rev": "eed488b1cd1867bd25f19f90e10440c5cc7d6424",
        "type": "github"
      },
      "original": {
        "owner": "preservim",
        "repo": "nerdtree",
        "type": "github"
      }
    },
    "nixpkgs": {
      "locked": {
        "lastModified": 1649809588,
        "narHash": "sha256-f6sgDj9A8FXTVyA2zkxA66YX+j6BftxE9VHTeIMhEKE=",
        "owner": "nixos",
        "repo": "nixpkgs",
        "rev": "ff9efb0724de5ae0f9db9df2debefced7eb1571d",
        "type": "github"
      },
      "original": {
        "owner": "nixos",
        "ref": "nixos-unstable",
        "repo": "nixpkgs",
        "type": "github"
      }
    },
    "nixpkgs_2": {
      "locked": {
        "lastModified": 1649961138,
        "narHash": "sha256-8ZCPrazs+qd2V8Elw84lIWuk0kKfVQ8Ei/19gahURhM=",
        "owner": "nixos",
        "repo": "nixpkgs",
        "rev": "d08394e7cd5c7431a1e8f53b7f581e74ee909548",
        "type": "github"
      },
      "original": {
        "owner": "nixos",
        "ref": "nixpkgs-unstable",
        "repo": "nixpkgs",
        "type": "github"
      }
    },
    "null-ls": {
      "flake": false,
      "locked": {
        "lastModified": 1649615103,
        "narHash": "sha256-txR7LcvRNX3suwwhSVEC3kp56QYMQTBZhHA/PAnWubE=",
        "owner": "jose-elias-alvarez",
        "repo": "null-ls.nvim",
        "rev": "82be4bf6ee7b1c2605758b06d918c9dcf6f8e3f2",
        "type": "github"
      },
      "original": {
        "owner": "jose-elias-alvarez",
        "repo": "null-ls.nvim",
        "type": "github"
      }
    },
    "nvim-cmp": {
      "flake": false,
      "locked": {
        "lastModified": 1649936528,
        "narHash": "sha256-icxMwVgLQOwROWi39JqDCTQ4Ei583H21zV58j18yow4=",
        "owner": "hrsh7th",
        "repo": "nvim-cmp",
        "rev": "b5433f901ebffc9e01b82ae13da9a92d49569205",
        "type": "github"
      },
      "original": {
        "owner": "hrsh7th",
        "repo": "nvim-cmp",
        "type": "github"
      }
    },
    "nvim-lsp-ts-utils": {
      "flake": false,
      "locked": {
        "lastModified": 1649044253,
        "narHash": "sha256-YFGTrNLVN6SqnDSlrKlLArovdbuWHzA2VDAZhnSTP4k=",
        "owner": "jose-elias-alvarez",
        "repo": "nvim-lsp-ts-utils",
        "rev": "1826275ee0fc7fded65e8716b231db86a17080e3",
        "type": "github"
      },
      "original": {
        "owner": "jose-elias-alvarez",
        "repo": "nvim-lsp-ts-utils",
        "type": "github"
      }
    },
    "nvim-lspconfig": {
      "flake": false,
      "locked": {
        "lastModified": 1649985901,
        "narHash": "sha256-qU9D2bGRS6gDIxY8pgjwTVEwDTa8GXHUUQkXk9pBK/U=",
        "owner": "neovim",
        "repo": "nvim-lspconfig",
        "rev": "99596a8cabb050c6eab2c049e9acde48f42aafa4",
        "type": "github"
      },
      "original": {
        "owner": "neovim",
        "repo": "nvim-lspconfig",
        "type": "github"
      }
    },
    "nvim-treesitter": {
      "flake": false,
      "locked": {
        "lastModified": 1650061680,
        "narHash": "sha256-7H1DhJWt2DmGzCpxnwBFK3+3ZifYoD5McFhS6awcvnU=",
        "owner": "nvim-treesitter",
        "repo": "nvim-treesitter",
        "rev": "394e7f804831dfebf4286d88850fe9bba5db1ee1",
        "type": "github"
      },
      "original": {
        "owner": "nvim-treesitter",
        "repo": "nvim-treesitter",
        "type": "github"
      }
    },
    "plenary": {
      "flake": false,
      "locked": {
        "lastModified": 1649874581,
        "narHash": "sha256-2pMJwzJ9NCY+pjkBiynOOOz+n3eeB5I917NWIzKpsws=",
        "owner": "nvim-lua",
        "repo": "plenary.nvim",
        "rev": "78dde9bc25af3e657eb829058bf179739f7e8e69",
        "type": "github"
      },
      "original": {
        "owner": "nvim-lua",
        "repo": "plenary.nvim",
        "type": "github"
      }
    },
    "root": {
      "inputs": {
        "cmp-buffer": "cmp-buffer",
        "cmp-cmdline": "cmp-cmdline",
        "cmp-nvim-lsp": "cmp-nvim-lsp",
        "cmp-path": "cmp-path",
        "flake-utils": "flake-utils",
        "formatter-nvim": "formatter-nvim",
        "fugitive": "fugitive",
        "gitsigns": "gitsigns",
        "haskell-vim": "haskell-vim",
        "lualine-nvim": "lualine-nvim",
        "luasnip": "luasnip",
        "neovim-nightly-overlay": "neovim-nightly-overlay",
        "nerd-commenter": "nerd-commenter",
        "nerd-tree": "nerd-tree",
        "nixpkgs": "nixpkgs_2",
        "null-ls": "null-ls",
        "nvim-cmp": "nvim-cmp",
        "nvim-lsp-ts-utils": "nvim-lsp-ts-utils",
        "nvim-lspconfig": "nvim-lspconfig",
        "nvim-treesitter": "nvim-treesitter",
        "plenary": "plenary",
        "telescope": "telescope",
        "telescope-fzy-native": "telescope-fzy-native",
        "toggleterm": "toggleterm",
        "tokyonight-nvim": "tokyonight-nvim",
        "vim-editorconfig": "vim-editorconfig",
        "vim-glsl": "vim-glsl",
        "vim-nix": "vim-nix",
        "vim-rooter": "vim-rooter",
        "vim-rzip": "vim-rzip",
        "vim-sensible": "vim-sensible",
        "vim-surround": "vim-surround"
      }
    },
    "telescope": {
      "flake": false,
      "locked": {
        "lastModified": 1649597087,
        "narHash": "sha256-XfS5wTZeqGB1XUAvRfQwjydFjVtKKjaocfTnXa/xx84=",
        "owner": "nvim-telescope",
        "repo": "telescope.nvim",
        "rev": "b7ae91c82b33f8f347fa060208adb3da80ae9260",
        "type": "github"
      },
      "original": {
        "owner": "nvim-telescope",
        "repo": "telescope.nvim",
        "type": "github"
      }
    },
    "telescope-fzy-native": {
      "flake": false,
      "locked": {
        "lastModified": 1617877633,
        "narHash": "sha256-ntSc/Z2KGwAPwBSgQ2m+Q9HgpGUwGbd+4fA/dtzOXY4=",
        "owner": "nvim-telescope",
        "repo": "telescope-fzy-native.nvim",
        "rev": "7b3d2528102f858036627a68821ccf5fc1d78ce4",
        "type": "github"
      },
      "original": {
        "owner": "nvim-telescope",
        "repo": "telescope-fzy-native.nvim",
        "type": "github"
      }
    },
    "toggleterm": {
      "flake": false,
      "locked": {
        "lastModified": 1649953004,
        "narHash": "sha256-2oYGCkO1EVm92lF+l1k/xB8guEFENITHOL1APYfVC4k=",
        "owner": "akinsho",
        "repo": "toggleterm.nvim",
        "rev": "ed812c8eb4d2a297a6a74bd63f3e892179b92776",
        "type": "github"
      },
      "original": {
        "owner": "akinsho",
        "repo": "toggleterm.nvim",
        "type": "github"
      }
    },
    "tokyonight-nvim": {
      "flake": false,
      "locked": {
        "lastModified": 1640940199,
        "narHash": "sha256-EUiuGaX//mqv8v+UWfOQwxvV6UaQq1ZjdlqOpQAE7+c=",
        "owner": "folke",
        "repo": "tokyonight.nvim",
        "rev": "8223c970677e4d88c9b6b6d81bda23daf11062bb",
        "type": "github"
      },
      "original": {
        "owner": "folke",
        "repo": "tokyonight.nvim",
        "type": "github"
      }
    },
    "vim-editorconfig": {
      "flake": false,
      "locked": {
        "lastModified": 1642820146,
        "narHash": "sha256-qFLXqhV+ZVhxoq+QoxWSDUrg8W/+qChJuCd4hSJqy28=",
        "owner": "editorconfig",
        "repo": "editorconfig-vim",
        "rev": "a8e3e66deefb6122f476c27cee505aaae93f7109",
        "type": "github"
      },
      "original": {
        "owner": "editorconfig",
        "repo": "editorconfig-vim",
        "type": "github"
      }
    },
    "vim-glsl": {
      "flake": false,
      "locked": {
        "lastModified": 1644168614,
        "narHash": "sha256-4oKC4pmY6o+PJJjHvOnPwPeq8a4F/gj+Pee+uQoGLhQ=",
        "owner": "tikhomirov",
        "repo": "vim-glsl",
        "rev": "28a6dfbcd96095226bee90985b7f12c5679dbbb6",
        "type": "github"
      },
      "original": {
        "owner": "tikhomirov",
        "repo": "vim-glsl",
        "type": "github"
      }
    },
    "vim-nix": {
      "flake": false,
      "locked": {
        "lastModified": 1622231877,
        "narHash": "sha256-wQzNXfE7JFalgiCQ2ksPAUyFKacmJV7mNKmKDe9jySI=",
        "owner": "LnL7",
        "repo": "vim-nix",
        "rev": "63b47b39c8d481ebca3092822ca8972e08df769b",
        "type": "github"
      },
      "original": {
        "owner": "LnL7",
        "repo": "vim-nix",
        "type": "github"
      }
    },
    "vim-rooter": {
      "flake": false,
      "locked": {
        "lastModified": 1627488712,
        "narHash": "sha256-8VYGZDZbT7r/vRtMKqDlI2jD498QxwHmEliYmbmc6uw=",
        "owner": "airblade",
        "repo": "vim-rooter",
        "rev": "0415be8b5989e56f6c9e382a04906b7f719cfb38",
        "type": "github"
      },
      "original": {
        "owner": "airblade",
        "repo": "vim-rooter",
        "type": "github"
      }
    },
    "vim-rzip": {
      "flake": false,
      "locked": {
        "lastModified": 1645152231,
        "narHash": "sha256-yAMRdwIdVsgqdcdZ/q6o0iieuRRE2XYz0fQH5iBlfJo=",
        "owner": "lbrayner",
        "repo": "vim-rzip",
        "rev": "78221989e77e4101954ff9ff21756259c82617a7",
        "type": "github"
      },
      "original": {
        "owner": "lbrayner",
        "repo": "vim-rzip",
        "type": "github"
      }
    },
    "vim-sensible": {
      "flake": false,
      "locked": {
        "lastModified": 1649696510,
        "narHash": "sha256-lLnNK+P7tIm6rBnw9y58T/LTsHw17wr1r5kp8fQnJkI=",
        "owner": "tpope",
        "repo": "vim-sensible",
        "rev": "226203be173bf0b95ee2a5cb6575ae604b3f9f7a",
        "type": "github"
      },
      "original": {
        "owner": "tpope",
        "repo": "vim-sensible",
        "type": "github"
      }
    },
    "vim-surround": {
      "flake": false,
      "locked": {
        "lastModified": 1649557273,
        "narHash": "sha256-MejqDRm1McQ2uQfGxeD6/WkZYvbrjqVhcIaGqaT3Dk0=",
        "owner": "tpope",
        "repo": "vim-surround",
        "rev": "81fc0ec460dd8b25a76346e09aecdbca2677f1a7",
        "type": "github"
      },
      "original": {
        "owner": "tpope",
        "repo": "vim-surround",
        "type": "github"
      }
    }
  },
  "root": "root",
  "version": 7
}
